// !$*UTF8*$!
{
	archiveVersion = 1;
	classes = {
	};
	objectVersion = 50;
	objects = {

/* Begin PBXBuildFile section */
		01568F5225EC261B0004104C /* ViewModel.swift in Sources */ = {isa = PBXBuildFile; fileRef = 01568F5125EC261B0004104C /* ViewModel.swift */; };
		015D5FD125ED8D470088F34F /* CircleTextView.swift in Sources */ = {isa = PBXBuildFile; fileRef = 015D5FD025ED8D470088F34F /* CircleTextView.swift */; };
		0181EFB325AFE51E00A36BDF /* ProductDetailUIView.swift in Sources */ = {isa = PBXBuildFile; fileRef = 0181EFB225AFE51E00A36BDF /* ProductDetailUIView.swift */; };
		018976F725AE511800EE7DF7 /* Product.swift in Sources */ = {isa = PBXBuildFile; fileRef = 018976F625AE511800EE7DF7 /* Product.swift */; };
		019B863025A6BDAA0050AEB1 /* InventoryUIApp.swift in Sources */ = {isa = PBXBuildFile; fileRef = 019B862F25A6BDAA0050AEB1 /* InventoryUIApp.swift */; };
		019B863225A6BDAA0050AEB1 /* ContentView.swift in Sources */ = {isa = PBXBuildFile; fileRef = 019B863125A6BDAA0050AEB1 /* ContentView.swift */; };
		019B863425A6BDAB0050AEB1 /* Assets.xcassets in Resources */ = {isa = PBXBuildFile; fileRef = 019B863325A6BDAB0050AEB1 /* Assets.xcassets */; };
		019B863725A6BDAB0050AEB1 /* Preview Assets.xcassets in Resources */ = {isa = PBXBuildFile; fileRef = 019B863625A6BDAB0050AEB1 /* Preview Assets.xcassets */; };
		019B864225A6C07D0050AEB1 /* FeedUIView.swift in Sources */ = {isa = PBXBuildFile; fileRef = 019B864125A6C07D0050AEB1 /* FeedUIView.swift */; };
		019B864525A6C0C90050AEB1 /* DashboardUIView.swift in Sources */ = {isa = PBXBuildFile; fileRef = 019B864425A6C0C90050AEB1 /* DashboardUIView.swift */; };
		019B864825A6C0E50050AEB1 /* AddUIView.swift in Sources */ = {isa = PBXBuildFile; fileRef = 019B864725A6C0E50050AEB1 /* AddUIView.swift */; };
		019B864B25A6C0FD0050AEB1 /* FavoritesUIView.swift in Sources */ = {isa = PBXBuildFile; fileRef = 019B864A25A6C0FD0050AEB1 /* FavoritesUIView.swift */; };
		019B864E25A6C10A0050AEB1 /* SettingsUIView.swift in Sources */ = {isa = PBXBuildFile; fileRef = 019B864D25A6C10A0050AEB1 /* SettingsUIView.swift */; };
		019B865325A6C6690050AEB1 /* TabUIView.swift in Sources */ = {isa = PBXBuildFile; fileRef = 019B865225A6C6690050AEB1 /* TabUIView.swift */; };
		019B865625A748CB0050AEB1 /* CurrentUIView.swift in Sources */ = {isa = PBXBuildFile; fileRef = 019B865525A748CB0050AEB1 /* CurrentUIView.swift */; };
		019B865925A748DB0050AEB1 /* Tab.swift in Sources */ = {isa = PBXBuildFile; fileRef = 019B865825A748DB0050AEB1 /* Tab.swift */; };
		01A4CB3725A80B1500EEF35A /* Color+Extensions.swift in Sources */ = {isa = PBXBuildFile; fileRef = 01A4CB3625A80B1500EEF35A /* Color+Extensions.swift */; };
		01E7538025A906E4001020FD /* AddButtonTabView.swift in Sources */ = {isa = PBXBuildFile; fileRef = 01E7537F25A906E4001020FD /* AddButtonTabView.swift */; };
/* End PBXBuildFile section */

/* Begin PBXFileReference section */
		01568F5125EC261B0004104C /* ViewModel.swift */ = {isa = PBXFileReference; lastKnownFileType = sourcecode.swift; path = ViewModel.swift; sourceTree = "<group>"; };
		015D5FD025ED8D470088F34F /* CircleTextView.swift */ = {isa = PBXFileReference; lastKnownFileType = sourcecode.swift; path = CircleTextView.swift; sourceTree = "<group>"; };
		0181EFB225AFE51E00A36BDF /* ProductDetailUIView.swift */ = {isa = PBXFileReference; lastKnownFileType = sourcecode.swift; path = ProductDetailUIView.swift; sourceTree = "<group>"; };
		018976F625AE511800EE7DF7 /* Product.swift */ = {isa = PBXFileReference; lastKnownFileType = sourcecode.swift; path = Product.swift; sourceTree = "<group>"; };
		019B862C25A6BDAA0050AEB1 /* InventoryUI.app */ = {isa = PBXFileReference; explicitFileType = wrapper.application; includeInIndex = 0; path = InventoryUI.app; sourceTree = BUILT_PRODUCTS_DIR; };
		019B862F25A6BDAA0050AEB1 /* InventoryUIApp.swift */ = {isa = PBXFileReference; lastKnownFileType = sourcecode.swift; path = InventoryUIApp.swift; sourceTree = "<group>"; };
		019B863125A6BDAA0050AEB1 /* ContentView.swift */ = {isa = PBXFileReference; lastKnownFileType = sourcecode.swift; path = ContentView.swift; sourceTree = "<group>"; };
		019B863325A6BDAB0050AEB1 /* Assets.xcassets */ = {isa = PBXFileReference; lastKnownFileType = folder.assetcatalog; path = Assets.xcassets; sourceTree = "<group>"; };
		019B863625A6BDAB0050AEB1 /* Preview Assets.xcassets */ = {isa = PBXFileReference; lastKnownFileType = folder.assetcatalog; path = "Preview Assets.xcassets"; sourceTree = "<group>"; };
		019B863825A6BDAB0050AEB1 /* Info.plist */ = {isa = PBXFileReference; lastKnownFileType = text.plist.xml; path = Info.plist; sourceTree = "<group>"; };
		019B864125A6C07D0050AEB1 /* FeedUIView.swift */ = {isa = PBXFileReference; lastKnownFileType = sourcecode.swift; path = FeedUIView.swift; sourceTree = "<group>"; };
		019B864425A6C0C90050AEB1 /* DashboardUIView.swift */ = {isa = PBXFileReference; lastKnownFileType = sourcecode.swift; path = DashboardUIView.swift; sourceTree = "<group>"; };
		019B864725A6C0E50050AEB1 /* AddUIView.swift */ = {isa = PBXFileReference; lastKnownFileType = sourcecode.swift; path = AddUIView.swift; sourceTree = "<group>"; };
		019B864A25A6C0FD0050AEB1 /* FavoritesUIView.swift */ = {isa = PBXFileReference; lastKnownFileType = sourcecode.swift; path = FavoritesUIView.swift; sourceTree = "<group>"; };
		019B864D25A6C10A0050AEB1 /* SettingsUIView.swift */ = {isa = PBXFileReference; lastKnownFileType = sourcecode.swift; path = SettingsUIView.swift; sourceTree = "<group>"; };
		019B865225A6C6690050AEB1 /* TabUIView.swift */ = {isa = PBXFileReference; lastKnownFileType = sourcecode.swift; path = TabUIView.swift; sourceTree = "<group>"; };
		019B865525A748CB0050AEB1 /* CurrentUIView.swift */ = {isa = PBXFileReference; lastKnownFileType = sourcecode.swift; path = CurrentUIView.swift; sourceTree = "<group>"; };
		019B865825A748DB0050AEB1 /* Tab.swift */ = {isa = PBXFileReference; lastKnownFileType = sourcecode.swift; path = Tab.swift; sourceTree = "<group>"; };
		01A4CB3625A80B1500EEF35A /* Color+Extensions.swift */ = {isa = PBXFileReference; lastKnownFileType = sourcecode.swift; path = "Color+Extensions.swift"; sourceTree = "<group>"; };
		01E7537F25A906E4001020FD /* AddButtonTabView.swift */ = {isa = PBXFileReference; lastKnownFileType = sourcecode.swift; path = AddButtonTabView.swift; sourceTree = "<group>"; };
/* End PBXFileReference section */

/* Begin PBXFrameworksBuildPhase section */
		019B862925A6BDAA0050AEB1 /* Frameworks */ = {
			isa = PBXFrameworksBuildPhase;
			buildActionMask = 2147483647;
			files = (
			);
			runOnlyForDeploymentPostprocessing = 0;
		};
/* End PBXFrameworksBuildPhase section */

/* Begin PBXGroup section */
		01568F5425EC26220004104C /* ViewModel */ = {
			isa = PBXGroup;
			children = (
				01568F5125EC261B0004104C /* ViewModel.swift */,
			);
			path = ViewModel;
			sourceTree = "<group>";
		};
		018976F525AE510C00EE7DF7 /* Models */ = {
			isa = PBXGroup;
			children = (
				019B865825A748DB0050AEB1 /* Tab.swift */,
				018976F625AE511800EE7DF7 /* Product.swift */,
			);
			path = Models;
			sourceTree = "<group>";
		};
		019B862325A6BDAA0050AEB1 = {
			isa = PBXGroup;
			children = (
				019B862E25A6BDAA0050AEB1 /* InventoryUI */,
				019B862D25A6BDAA0050AEB1 /* Products */,
			);
			sourceTree = "<group>";
		};
		019B862D25A6BDAA0050AEB1 /* Products */ = {
			isa = PBXGroup;
			children = (
				019B862C25A6BDAA0050AEB1 /* InventoryUI.app */,
			);
			name = Products;
			sourceTree = "<group>";
		};
		019B862E25A6BDAA0050AEB1 /* InventoryUI */ = {
			isa = PBXGroup;
			children = (
				019B863825A6BDAB0050AEB1 /* Info.plist */,
				019B863125A6BDAA0050AEB1 /* ContentView.swift */,
				019B862F25A6BDAA0050AEB1 /* InventoryUIApp.swift */,
				019B863325A6BDAB0050AEB1 /* Assets.xcassets */,
				01BD31F625E6F68E00F6064B /* Extensions */,
				018976F525AE510C00EE7DF7 /* Models */,
				019B863525A6BDAB0050AEB1 /* Preview Content */,
				01568F5425EC26220004104C /* ViewModel */,
				01BD31F425E6F67300F6064B /* Views */,
			);
			path = InventoryUI;
			sourceTree = "<group>";
		};
		019B863525A6BDAB0050AEB1 /* Preview Content */ = {
			isa = PBXGroup;
			children = (
				019B863625A6BDAB0050AEB1 /* Preview Assets.xcassets */,
			);
			path = "Preview Content";
			sourceTree = "<group>";
		};
		019B865025A6C19A0050AEB1 /* Tabs */ = {
			isa = PBXGroup;
			children = (
				019B864725A6C0E50050AEB1 /* AddUIView.swift */,
				019B864425A6C0C90050AEB1 /* DashboardUIView.swift */,
				019B864A25A6C0FD0050AEB1 /* FavoritesUIView.swift */,
				019B864125A6C07D0050AEB1 /* FeedUIView.swift */,
				019B864D25A6C10A0050AEB1 /* SettingsUIView.swift */,
			);
			path = Tabs;
			sourceTree = "<group>";
		};
		01BD31F425E6F67300F6064B /* Views */ = {
			isa = PBXGroup;
			children = (
				019B865025A6C19A0050AEB1 /* Tabs */,
				019B865225A6C6690050AEB1 /* TabUIView.swift */,
				01E7537F25A906E4001020FD /* AddButtonTabView.swift */,
				019B865525A748CB0050AEB1 /* CurrentUIView.swift */,
				0181EFB225AFE51E00A36BDF /* ProductDetailUIView.swift */,
				015D5FD025ED8D470088F34F /* CircleTextView.swift */,
			);
			path = Views;
			sourceTree = "<group>";
		};
		01BD31F625E6F68E00F6064B /* Extensions */ = {
			isa = PBXGroup;
			children = (
				01A4CB3625A80B1500EEF35A /* Color+Extensions.swift */,
			);
			path = Extensions;
			sourceTree = "<group>";
		};
/* End PBXGroup section */

/* Begin PBXNativeTarget section */
		019B862B25A6BDAA0050AEB1 /* InventoryUI */ = {
			isa = PBXNativeTarget;
			buildConfigurationList = 019B863B25A6BDAB0050AEB1 /* Build configuration list for PBXNativeTarget "InventoryUI" */;
			buildPhases = (
				019B862825A6BDAA0050AEB1 /* Sources */,
				019B862925A6BDAA0050AEB1 /* Frameworks */,
				019B862A25A6BDAA0050AEB1 /* Resources */,
			);
			buildRules = (
			);
			dependencies = (
			);
			name = InventoryUI;
			productName = InventoryUI;
			productReference = 019B862C25A6BDAA0050AEB1 /* InventoryUI.app */;
			productType = "com.apple.product-type.application";
		};
/* End PBXNativeTarget section */

/* Begin PBXProject section */
		019B862425A6BDAA0050AEB1 /* Project object */ = {
			isa = PBXProject;
			attributes = {
				LastSwiftUpdateCheck = 1230;
				LastUpgradeCheck = 1230;
				TargetAttributes = {
					019B862B25A6BDAA0050AEB1 = {
						CreatedOnToolsVersion = 12.3;
					};
				};
			};
			buildConfigurationList = 019B862725A6BDAA0050AEB1 /* Build configuration list for PBXProject "InventoryUI" */;
			compatibilityVersion = "Xcode 9.3";
			developmentRegion = en;
			hasScannedForEncodings = 0;
			knownRegions = (
				en,
				Base,
			);
			mainGroup = 019B862325A6BDAA0050AEB1;
			productRefGroup = 019B862D25A6BDAA0050AEB1 /* Products */;
			projectDirPath = "";
			projectRoot = "";
			targets = (
				019B862B25A6BDAA0050AEB1 /* InventoryUI */,
			);
		};
/* End PBXProject section */

/* Begin PBXResourcesBuildPhase section */
		019B862A25A6BDAA0050AEB1 /* Resources */ = {
			isa = PBXResourcesBuildPhase;
			buildActionMask = 2147483647;
			files = (
				019B863725A6BDAB0050AEB1 /* Preview Assets.xcassets in Resources */,
				019B863425A6BDAB0050AEB1 /* Assets.xcassets in Resources */,
			);
			runOnlyForDeploymentPostprocessing = 0;
		};
/* End PBXResourcesBuildPhase section */

/* Begin PBXSourcesBuildPhase section */
		019B862825A6BDAA0050AEB1 /* Sources */ = {
			isa = PBXSourcesBuildPhase;
			buildActionMask = 2147483647;
			files = (
				019B864B25A6C0FD0050AEB1 /* FavoritesUIView.swift in Sources */,
				015D5FD125ED8D470088F34F /* CircleTextView.swift in Sources */,
				019B863225A6BDAA0050AEB1 /* ContentView.swift in Sources */,
				019B865325A6C6690050AEB1 /* TabUIView.swift in Sources */,
				019B864525A6C0C90050AEB1 /* DashboardUIView.swift in Sources */,
				019B864825A6C0E50050AEB1 /* AddUIView.swift in Sources */,
				019B865625A748CB0050AEB1 /* CurrentUIView.swift in Sources */,
				019B864225A6C07D0050AEB1 /* FeedUIView.swift in Sources */,
				019B865925A748DB0050AEB1 /* Tab.swift in Sources */,
				01E7538025A906E4001020FD /* AddButtonTabView.swift in Sources */,
				019B863025A6BDAA0050AEB1 /* InventoryUIApp.swift in Sources */,
				01568F5225EC261B0004104C /* ViewModel.swift in Sources */,
				01A4CB3725A80B1500EEF35A /* Color+Extensions.swift in Sources */,
				019B864E25A6C10A0050AEB1 /* SettingsUIView.swift in Sources */,
				018976F725AE511800EE7DF7 /* Product.swift in Sources */,
				0181EFB325AFE51E00A36BDF /* ProductDetailUIView.swift in Sources */,
			);
			runOnlyForDeploymentPostprocessing = 0;
		};
/* End PBXSourcesBuildPhase section */

/* Begin XCBuildConfiguration section */
		019B863925A6BDAB0050AEB1 /* Debug */ = {
			isa = XCBuildConfiguration;
			buildSettings = {
				ALWAYS_SEARCH_USER_PATHS = NO;
				CLANG_ANALYZER_NONNULL = YES;
				CLANG_ANALYZER_NUMBER_OBJECT_CONVERSION = YES_AGGRESSIVE;
				CLANG_CXX_LANGUAGE_STANDARD = "gnu++14";
				CLANG_CXX_LIBRARY = "libc++";
				CLANG_ENABLE_MODULES = YES;
				CLANG_ENABLE_OBJC_ARC = YES;
				CLANG_ENABLE_OBJC_WEAK = YES;
				CLANG_WARN_BLOCK_CAPTURE_AUTORELEASING = YES;
				CLANG_WARN_BOOL_CONVERSION = YES;
				CLANG_WARN_COMMA = YES;
				CLANG_WARN_CONSTANT_CONVERSION = YES;
				CLANG_WARN_DEPRECATED_OBJC_IMPLEMENTATIONS = YES;
				CLANG_WARN_DIRECT_OBJC_ISA_USAGE = YES_ERROR;
				CLANG_WARN_DOCUMENTATION_COMMENTS = YES;
				CLANG_WARN_EMPTY_BODY = YES;
				CLANG_WARN_ENUM_CONVERSION = YES;
				CLANG_WARN_INFINITE_RECURSION = YES;
				CLANG_WARN_INT_CONVERSION = YES;
				CLANG_WARN_NON_LITERAL_NULL_CONVERSION = YES;
				CLANG_WARN_OBJC_IMPLICIT_RETAIN_SELF = YES;
				CLANG_WARN_OBJC_LITERAL_CONVERSION = YES;
				CLANG_WARN_OBJC_ROOT_CLASS = YES_ERROR;
				CLANG_WARN_QUOTED_INCLUDE_IN_FRAMEWORK_HEADER = YES;
				CLANG_WARN_RANGE_LOOP_ANALYSIS = YES;
				CLANG_WARN_STRICT_PROTOTYPES = YES;
				CLANG_WARN_SUSPICIOUS_MOVE = YES;
				CLANG_WARN_UNGUARDED_AVAILABILITY = YES_AGGRESSIVE;
				CLANG_WARN_UNREACHABLE_CODE = YES;
				CLANG_WARN__DUPLICATE_METHOD_MATCH = YES;
				COPY_PHASE_STRIP = NO;
				DEBUG_INFORMATION_FORMAT = dwarf;
				ENABLE_STRICT_OBJC_MSGSEND = YES;
				ENABLE_TESTABILITY = YES;
				GCC_C_LANGUAGE_STANDARD = gnu11;
				GCC_DYNAMIC_NO_PIC = NO;
				GCC_NO_COMMON_BLOCKS = YES;
				GCC_OPTIMIZATION_LEVEL = 0;
				GCC_PREPROCESSOR_DEFINITIONS = (
					"DEBUG=1",
					"$(inherited)",
				);
				GCC_WARN_64_TO_32_BIT_CONVERSION = YES;
				GCC_WARN_ABOUT_RETURN_TYPE = YES_ERROR;
				GCC_WARN_UNDECLARED_SELECTOR = YES;
				GCC_WARN_UNINITIALIZED_AUTOS = YES_AGGRESSIVE;
				GCC_WARN_UNUSED_FUNCTION = YES;
				GCC_WARN_UNUSED_VARIABLE = YES;
				IPHONEOS_DEPLOYMENT_TARGET = 14.3;
				MTL_ENABLE_DEBUG_INFO = INCLUDE_SOURCE;
				MTL_FAST_MATH = YES;
				ONLY_ACTIVE_ARCH = YES;
				SDKROOT = iphoneos;
				SWIFT_ACTIVE_COMPILATION_CONDITIONS = DEBUG;
				SWIFT_OPTIMIZATION_LEVEL = "-Onone";
			};
			name = Debug;
		};
		019B863A25A6BDAB0050AEB1 /* Release */ = {
			isa = XCBuildConfiguration;
			buildSettings = {
				ALWAYS_SEARCH_USER_PATHS = NO;
				CLANG_ANALYZER_NONNULL = YES;
				CLANG_ANALYZER_NUMBER_OBJECT_CONVERSION = YES_AGGRESSIVE;
				CLANG_CXX_LANGUAGE_STANDARD = "gnu++14";
				CLANG_CXX_LIBRARY = "libc++";
				CLANG_ENABLE_MODULES = YES;
				CLANG_ENABLE_OBJC_ARC = YES;
				CLANG_ENABLE_OBJC_WEAK = YES;
				CLANG_WARN_BLOCK_CAPTURE_AUTORELEASING = YES;
				CLANG_WARN_BOOL_CONVERSION = YES;
				CLANG_WARN_COMMA = YES;
				CLANG_WARN_CONSTANT_CONVERSION = YES;
				CLANG_WARN_DEPRECATED_OBJC_IMPLEMENTATIONS = YES;
				CLANG_WARN_DIRECT_OBJC_ISA_USAGE = YES_ERROR;
				CLANG_WARN_DOCUMENTATION_COMMENTS = YES;
				CLANG_WARN_EMPTY_BODY = YES;
				CLANG_WARN_ENUM_CONVERSION = YES;
				CLANG_WARN_INFINITE_RECURSION = YES;
				CLANG_WARN_INT_CONVERSION = YES;
				CLANG_WARN_NON_LITERAL_NULL_CONVERSION = YES;
				CLANG_WARN_OBJC_IMPLICIT_RETAIN_SELF = YES;
				CLANG_WARN_OBJC_LITERAL_CONVERSION = YES;
				CLANG_WARN_OBJC_ROOT_CLASS = YES_ERROR;
				CLANG_WARN_QUOTED_INCLUDE_IN_FRAMEWORK_HEADER = YES;
				CLANG_WARN_RANGE_LOOP_ANALYSIS = YES;
				CLANG_WARN_STRICT_PROTOTYPES = YES;
				CLANG_WARN_SUSPICIOUS_MOVE = YES;
				CLANG_WARN_UNGUARDED_AVAILABILITY = YES_AGGRESSIVE;
				CLANG_WARN_UNREACHABLE_CODE = YES;
				CLANG_WARN__DUPLICATE_METHOD_MATCH = YES;
				COPY_PHASE_STRIP = NO;
				DEBUG_INFORMATION_FORMAT = "dwarf-with-dsym";
				ENABLE_NS_ASSERTIONS = NO;
				ENABLE_STRICT_OBJC_MSGSEND = YES;
				GCC_C_LANGUAGE_STANDARD = gnu11;
				GCC_NO_COMMON_BLOCKS = YES;
				GCC_WARN_64_TO_32_BIT_CONVERSION = YES;
				GCC_WARN_ABOUT_RETURN_TYPE = YES_ERROR;
				GCC_WARN_UNDECLARED_SELECTOR = YES;
				GCC_WARN_UNINITIALIZED_AUTOS = YES_AGGRESSIVE;
				GCC_WARN_UNUSED_FUNCTION = YES;
				GCC_WARN_UNUSED_VARIABLE = YES;
				IPHONEOS_DEPLOYMENT_TARGET = 14.3;
				MTL_ENABLE_DEBUG_INFO = NO;
				MTL_FAST_MATH = YES;
				SDKROOT = iphoneos;
				SWIFT_COMPILATION_MODE = wholemodule;
				SWIFT_OPTIMIZATION_LEVEL = "-O";
				VALIDATE_PRODUCT = YES;
			};
			name = Release;
		};
		019B863C25A6BDAB0050AEB1 /* Debug */ = {
			isa = XCBuildConfiguration;
			buildSettings = {
				ASSETCATALOG_COMPILER_APPICON_NAME = AppIcon;
				ASSETCATALOG_COMPILER_GLOBAL_ACCENT_COLOR_NAME = AccentColor;
				CODE_SIGN_STYLE = Automatic;
				DEVELOPMENT_ASSET_PATHS = "\"InventoryUI/Preview Content\"";
				DEVELOPMENT_TEAM = XM4VAKDQL9;
				ENABLE_PREVIEWS = YES;
				INFOPLIST_FILE = InventoryUI/Info.plist;
				IPHONEOS_DEPLOYMENT_TARGET = 14.0;
				LD_RUNPATH_SEARCH_PATHS = (
					"$(inherited)",
					"@executable_path/Frameworks",
				);
				PRODUCT_BUNDLE_IDENTIFIER = com.corywiles.InventoryUI;
				PRODUCT_NAME = "$(TARGET_NAME)";
				SWIFT_VERSION = 5.0;
				TARGETED_DEVICE_FAMILY = "1,2";
			};
			name = Debug;
		};
		019B863D25A6BDAB0050AEB1 /* Release */ = {
			isa = XCBuildConfiguration;
			buildSettings = {
				ASSETCATALOG_COMPILER_APPICON_NAME = AppIcon;
				ASSETCATALOG_COMPILER_GLOBAL_ACCENT_COLOR_NAME = AccentColor;
				CODE_SIGN_STYLE = Automatic;
				DEVELOPMENT_ASSET_PATHS = "\"InventoryUI/Preview Content\"";
				DEVELOPMENT_TEAM = XM4VAKDQL9;
				ENABLE_PREVIEWS = YES;
				INFOPLIST_FILE = InventoryUI/Info.plist;
				IPHONEOS_DEPLOYMENT_TARGET = 14.0;
				LD_RUNPATH_SEARCH_PATHS = (
					"$(inherited)",
					"@executable_path/Frameworks",
				);
				PRODUCT_BUNDLE_IDENTIFIER = com.corywiles.InventoryUI;
				PRODUCT_NAME = "$(TARGET_NAME)";
				SWIFT_VERSION = 5.0;
				TARGETED_DEVICE_FAMILY = "1,2";
			};
			name = Release;
		};
/* End XCBuildConfiguration section */

/* Begin XCConfigurationList section */
		019B862725A6BDAA0050AEB1 /* Build configuration list for PBXProject "InventoryUI" */ = {
			isa = XCConfigurationList;
			buildConfigurations = (
				019B863925A6BDAB0050AEB1 /* Debug */,
				019B863A25A6BDAB0050AEB1 /* Release */,
			);
			defaultConfigurationIsVisible = 0;
			defaultConfigurationName = Release;
		};
		019B863B25A6BDAB0050AEB1 /* Build configuration list for PBXNativeTarget "InventoryUI" */ = {
			isa = XCConfigurationList;
			buildConfigurations = (
				019B863C25A6BDAB0050AEB1 /* Debug */,
				019B863D25A6BDAB0050AEB1 /* Release */,
			);
			defaultConfigurationIsVisible = 0;
			defaultConfigurationName = Release;
		};
/* End XCConfigurationList section */
	};
	rootObject = 019B862425A6BDAA0050AEB1 /* Project object */;
}
